
Microsoft Visual Studio Solution File, Format Version 12.00
# Visual Studio Version 16
VisualStudioVersion = 16.0.30002.166
MinimumVisualStudioVersion = 10.0.40219.1
Project("{9A19103F-16F7-4668-BE54-9A1E7A4F7556}") = "Calculator-Console", "Calculator-Console\Calculator-Console.csproj", "{E9A717DA-9A0A-4731-B903-EE19F2F586CA}"
EndProject
Project("{FAE04EC0-301F-11D3-BF4B-00C04F79EFBC}") = "Calculator-WPF", "Calculator-WPF\Calculator-WPF.csproj", "{4B5F8F4C-B3D1-4CD6-98FD-DC56F1FB062C}"
EndProject
Project("{9A19103F-16F7-4668-BE54-9A1E7A4F7556}") = "Factor", "Factor\Factor.csproj", "{5328B95A-00F1-475A-B6BD-EEA363541391}"
EndProject
Project("{9A19103F-16F7-4668-BE54-9A1E7A4F7556}") = "Statistic", "Statistic\Statistic.csproj", "{A86DB4A7-69ED-4BF4-B5E8-0B9C26EB5FC8}"
EndProject
Project("{9A19103F-16F7-4668-BE54-9A1E7A4F7556}") = "LinearSieve", "LinearSieve\LinearSieve.csproj", "{C05FF37B-D682-4C11-80A5-D01626750898}"
EndProject
Project("{9A19103F-16F7-4668-BE54-9A1E7A4F7556}") = "Toeplitz", "Toeplitz\Toeplitz.csproj", "{4125EBD2-E7E9-44EE-9175-04B58B69A2AA}"
EndProject
Project("{9A19103F-16F7-4668-BE54-9A1E7A4F7556}") = "Shapes", "Shapes\Shapes.csproj", "{C657B5BE-3A4B-40EA-A3EA-11B0F5303160}"
EndProject
Project("{FAE04EC0-301F-11D3-BF4B-00C04F79EFBC}") = "ShapeFactory", "ShapeFactory\ShapeFactory.csproj", "{D9ACC468-79E3-4B1A-AD54-DFA583ECBA6A}"
EndProject
Project("{FAE04EC0-301F-11D3-BF4B-00C04F79EFBC}") = "MyLinkedList", "MyLinkedList\MyLinkedList.csproj", "{4C5FD0C7-EA52-4B04-8E09-22094D5EFFD4}"
EndProject
Project("{FAE04EC0-301F-11D3-BF4B-00C04F79EFBC}") = "EventAlarm", "EventAlarm\EventAlarm.csproj", "{37ED7922-67BB-4504-ABEA-7609B3E21277}"
EndProject
Global
	GlobalSection(SolutionConfigurationPlatforms) = preSolution
		Debug|Any CPU = Debug|Any CPU
		Debug|x64 = Debug|x64
		Debug|x86 = Debug|x86
		Release|Any CPU = Release|Any CPU
		Release|x64 = Release|x64
		Release|x86 = Release|x86
	EndGlobalSection
	GlobalSection(ProjectConfigurationPlatforms) = postSolution
		{E9A717DA-9A0A-4731-B903-EE19F2F586CA}.Debug|Any CPU.ActiveCfg = Debug|Any CPU
		{E9A717DA-9A0A-4731-B903-EE19F2F586CA}.Debug|Any CPU.Build.0 = Debug|Any CPU
		{E9A717DA-9A0A-4731-B903-EE19F2F586CA}.Debug|x64.ActiveCfg = Debug|Any CPU
		{E9A717DA-9A0A-4731-B903-EE19F2F586CA}.Debug|x64.Build.0 = Debug|Any CPU
		{E9A717DA-9A0A-4731-B903-EE19F2F586CA}.Debug|x86.ActiveCfg = Debug|Any CPU
		{E9A717DA-9A0A-4731-B903-EE19F2F586CA}.Debug|x86.Build.0 = Debug|Any CPU
		{E9A717DA-9A0A-4731-B903-EE19F2F586CA}.Release|Any CPU.ActiveCfg = Release|Any CPU
		{E9A717DA-9A0A-4731-B903-EE19F2F586CA}.Release|Any CPU.Build.0 = Release|Any CPU
		{E9A717DA-9A0A-4731-B903-EE19F2F586CA}.Release|x64.ActiveCfg = Release|Any CPU
		{E9A717DA-9A0A-4731-B903-EE19F2F586CA}.Release|x64.Build.0 = Release|Any CPU
		{E9A717DA-9A0A-4731-B903-EE19F2F586CA}.Release|x86.ActiveCfg = Release|Any CPU
		{E9A717DA-9A0A-4731-B903-EE19F2F586CA}.Release|x86.Build.0 = Release|Any CPU
		{4B5F8F4C-B3D1-4CD6-98FD-DC56F1FB062C}.Debug|Any CPU.ActiveCfg = Debug|Any CPU
		{4B5F8F4C-B3D1-4CD6-98FD-DC56F1FB062C}.Debug|Any CPU.Build.0 = Debug|Any CPU
		{4B5F8F4C-B3D1-4CD6-98FD-DC56F1FB062C}.Debug|x64.ActiveCfg = Debug|Any CPU
		{4B5F8F4C-B3D1-4CD6-98FD-DC56F1FB062C}.Debug|x64.Build.0 = Debug|Any CPU
		{4B5F8F4C-B3D1-4CD6-98FD-DC56F1FB062C}.Debug|x86.ActiveCfg = Debug|Any CPU
		{4B5F8F4C-B3D1-4CD6-98FD-DC56F1FB062C}.Debug|x86.Build.0 = Debug|Any CPU
		{4B5F8F4C-B3D1-4CD6-98FD-DC56F1FB062C}.Release|Any CPU.ActiveCfg = Release|Any CPU
		{4B5F8F4C-B3D1-4CD6-98FD-DC56F1FB062C}.Release|Any CPU.Build.0 = Release|Any CPU
		{4B5F8F4C-B3D1-4CD6-98FD-DC56F1FB062C}.Release|x64.ActiveCfg = Release|Any CPU
		{4B5F8F4C-B3D1-4CD6-98FD-DC56F1FB062C}.Release|x64.Build.0 = Release|Any CPU
		{4B5F8F4C-B3D1-4CD6-98FD-DC56F1FB062C}.Release|x86.ActiveCfg = Release|Any CPU
		{4B5F8F4C-B3D1-4CD6-98FD-DC56F1FB062C}.Release|x86.Build.0 = Release|Any CPU
		{5328B95A-00F1-475A-B6BD-EEA363541391}.Debug|Any CPU.ActiveCfg = Debug|Any CPU
		{5328B95A-00F1-475A-B6BD-EEA363541391}.Debug|Any CPU.Build.0 = Debug|Any CPU
		{5328B95A-00F1-475A-B6BD-EEA363541391}.Debug|x64.ActiveCfg = Debug|Any CPU
		{5328B95A-00F1-475A-B6BD-EEA363541391}.Debug|x64.Build.0 = Debug|Any CPU
		{5328B95A-00F1-475A-B6BD-EEA363541391}.Debug|x86.ActiveCfg = Debug|Any CPU
		{5328B95A-00F1-475A-B6BD-EEA363541391}.Debug|x86.Build.0 = Debug|Any CPU
		{5328B95A-00F1-475A-B6BD-EEA363541391}.Release|Any CPU.ActiveCfg = Release|Any CPU
		{5328B95A-00F1-475A-B6BD-EEA363541391}.Release|Any CPU.Build.0 = Release|Any CPU
		{5328B95A-00F1-475A-B6BD-EEA363541391}.Release|x64.ActiveCfg = Release|Any CPU
		{5328B95A-00F1-475A-B6BD-EEA363541391}.Release|x64.Build.0 = Release|Any CPU
		{5328B95A-00F1-475A-B6BD-EEA363541391}.Release|x86.ActiveCfg = Release|Any CPU
		{5328B95A-00F1-475A-B6BD-EEA363541391}.Release|x86.Build.0 = Release|Any CPU
		{A86DB4A7-69ED-4BF4-B5E8-0B9C26EB5FC8}.Debug|Any CPU.ActiveCfg = Debug|Any CPU
		{A86DB4A7-69ED-4BF4-B5E8-0B9C26EB5FC8}.Debug|Any CPU.Build.0 = Debug|Any CPU
		{A86DB4A7-69ED-4BF4-B5E8-0B9C26EB5FC8}.Debug|x64.ActiveCfg = Debug|Any CPU
		{A86DB4A7-69ED-4BF4-B5E8-0B9C26EB5FC8}.Debug|x64.Build.0 = Debug|Any CPU
		{A86DB4A7-69ED-4BF4-B5E8-0B9C26EB5FC8}.Debug|x86.ActiveCfg = Debug|Any CPU
		{A86DB4A7-69ED-4BF4-B5E8-0B9C26EB5FC8}.Debug|x86.Build.0 = Debug|Any CPU
		{A86DB4A7-69ED-4BF4-B5E8-0B9C26EB5FC8}.Release|Any CPU.ActiveCfg = Release|Any CPU
		{A86DB4A7-69ED-4BF4-B5E8-0B9C26EB5FC8}.Release|Any CPU.Build.0 = Release|Any CPU
		{A86DB4A7-69ED-4BF4-B5E8-0B9C26EB5FC8}.Release|x64.ActiveCfg = Release|Any CPU
		{A86DB4A7-69ED-4BF4-B5E8-0B9C26EB5FC8}.Release|x64.Build.0 = Release|Any CPU
		{A86DB4A7-69ED-4BF4-B5E8-0B9C26EB5FC8}.Release|x86.ActiveCfg = Release|Any CPU
		{A86DB4A7-69ED-4BF4-B5E8-0B9C26EB5FC8}.Release|x86.Build.0 = Release|Any CPU
		{C05FF37B-D682-4C11-80A5-D01626750898}.Debug|Any CPU.ActiveCfg = Debug|Any CPU
		{C05FF37B-D682-4C11-80A5-D01626750898}.Debug|Any CPU.Build.0 = Debug|Any CPU
		{C05FF37B-D682-4C11-80A5-D01626750898}.Debug|x64.ActiveCfg = Debug|Any CPU
		{C05FF37B-D682-4C11-80A5-D01626750898}.Debug|x64.Build.0 = Debug|Any CPU
		{C05FF37B-D682-4C11-80A5-D01626750898}.Debug|x86.ActiveCfg = Debug|Any CPU
		{C05FF37B-D682-4C11-80A5-D01626750898}.Debug|x86.Build.0 = Debug|Any CPU
		{C05FF37B-D682-4C11-80A5-D01626750898}.Release|Any CPU.ActiveCfg = Release|Any CPU
		{C05FF37B-D682-4C11-80A5-D01626750898}.Release|Any CPU.Build.0 = Release|Any CPU
		{C05FF37B-D682-4C11-80A5-D01626750898}.Release|x64.ActiveCfg = Release|Any CPU
		{C05FF37B-D682-4C11-80A5-D01626750898}.Release|x64.Build.0 = Release|Any CPU
		{C05FF37B-D682-4C11-80A5-D01626750898}.Release|x86.ActiveCfg = Release|Any CPU
		{C05FF37B-D682-4C11-80A5-D01626750898}.Release|x86.Build.0 = Release|Any CPU
		{4125EBD2-E7E9-44EE-9175-04B58B69A2AA}.Debug|Any CPU.ActiveCfg = Debug|Any CPU
		{4125EBD2-E7E9-44EE-9175-04B58B69A2AA}.Debug|Any CPU.Build.0 = Debug|Any CPU
		{4125EBD2-E7E9-44EE-9175-04B58B69A2AA}.Debug|x64.ActiveCfg = Debug|Any CPU
		{4125EBD2-E7E9-44EE-9175-04B58B69A2AA}.Debug|x64.Build.0 = Debug|Any CPU
		{4125EBD2-E7E9-44EE-9175-04B58B69A2AA}.Debug|x86.ActiveCfg = Debug|Any CPU
		{4125EBD2-E7E9-44EE-9175-04B58B69A2AA}.Debug|x86.Build.0 = Debug|Any CPU
		{4125EBD2-E7E9-44EE-9175-04B58B69A2AA}.Release|Any CPU.ActiveCfg = Release|Any CPU
		{4125EBD2-E7E9-44EE-9175-04B58B69A2AA}.Release|Any CPU.Build.0 = Release|Any CPU
		{4125EBD2-E7E9-44EE-9175-04B58B69A2AA}.Release|x64.ActiveCfg = Release|Any CPU
		{4125EBD2-E7E9-44EE-9175-04B58B69A2AA}.Release|x64.Build.0 = Release|Any CPU
		{4125EBD2-E7E9-44EE-9175-04B58B69A2AA}.Release|x86.ActiveCfg = Release|Any CPU
		{4125EBD2-E7E9-44EE-9175-04B58B69A2AA}.Release|x86.Build.0 = Release|Any CPU
		{C657B5BE-3A4B-40EA-A3EA-11B0F5303160}.Debug|Any CPU.ActiveCfg = Debug|Any CPU
		{C657B5BE-3A4B-40EA-A3EA-11B0F5303160}.Debug|Any CPU.Build.0 = Debug|Any CPU
		{C657B5BE-3A4B-40EA-A3EA-11B0F5303160}.Debug|x64.ActiveCfg = Debug|Any CPU
		{C657B5BE-3A4B-40EA-A3EA-11B0F5303160}.Debug|x64.Build.0 = Debug|Any CPU
		{C657B5BE-3A4B-40EA-A3EA-11B0F5303160}.Debug|x86.ActiveCfg = Debug|Any CPU
		{C657B5BE-3A4B-40EA-A3EA-11B0F5303160}.Debug|x86.Build.0 = Debug|Any CPU
		{C657B5BE-3A4B-40EA-A3EA-11B0F5303160}.Release|Any CPU.ActiveCfg = Release|Any CPU
		{C657B5BE-3A4B-40EA-A3EA-11B0F5303160}.Release|Any CPU.Build.0 = Release|Any CPU
		{C657B5BE-3A4B-40EA-A3EA-11B0F5303160}.Release|x64.ActiveCfg = Release|Any CPU
		{C657B5BE-3A4B-40EA-A3EA-11B0F5303160}.Release|x64.Build.0 = Release|Any CPU
		{C657B5BE-3A4B-40EA-A3EA-11B0F5303160}.Release|x86.ActiveCfg = Release|Any CPU
		{C657B5BE-3A4B-40EA-A3EA-11B0F5303160}.Release|x86.Build.0 = Release|Any CPU
		{D9ACC468-79E3-4B1A-AD54-DFA583ECBA6A}.Debug|Any CPU.ActiveCfg = Debug|Any CPU
		{D9ACC468-79E3-4B1A-AD54-DFA583ECBA6A}.Debug|Any CPU.Build.0 = Debug|Any CPU
		{D9ACC468-79E3-4B1A-AD54-DFA583ECBA6A}.Debug|x64.ActiveCfg = Debug|Any CPU
		{D9ACC468-79E3-4B1A-AD54-DFA583ECBA6A}.Debug|x64.Build.0 = Debug|Any CPU
		{D9ACC468-79E3-4B1A-AD54-DFA583ECBA6A}.Debug|x86.ActiveCfg = Debug|Any CPU
		{D9ACC468-79E3-4B1A-AD54-DFA583ECBA6A}.Debug|x86.Build.0 = Debug|Any CPU
		{D9ACC468-79E3-4B1A-AD54-DFA583ECBA6A}.Release|Any CPU.ActiveCfg = Release|Any CPU
		{D9ACC468-79E3-4B1A-AD54-DFA583ECBA6A}.Release|Any CPU.Build.0 = Release|Any CPU
		{D9ACC468-79E3-4B1A-AD54-DFA583ECBA6A}.Release|x64.ActiveCfg = Release|Any CPU
		{D9ACC468-79E3-4B1A-AD54-DFA583ECBA6A}.Release|x64.Build.0 = Release|Any CPU
		{D9ACC468-79E3-4B1A-AD54-DFA583ECBA6A}.Release|x86.ActiveCfg = Release|Any CPU
		{D9ACC468-79E3-4B1A-AD54-DFA583ECBA6A}.Release|x86.Build.0 = Release|Any CPU
		{4C5FD0C7-EA52-4B04-8E09-22094D5EFFD4}.Debug|Any CPU.ActiveCfg = Debug|Any CPU
		{4C5FD0C7-EA52-4B04-8E09-22094D5EFFD4}.Debug|Any CPU.Build.0 = Debug|Any CPU
		{4C5FD0C7-EA52-4B04-8E09-22094D5EFFD4}.Debug|x64.ActiveCfg = Debug|Any CPU
		{4C5FD0C7-EA52-4B04-8E09-22094D5EFFD4}.Debug|x64.Build.0 = Debug|Any CPU
		{4C5FD0C7-EA52-4B04-8E09-22094D5EFFD4}.Debug|x86.ActiveCfg = Debug|Any CPU
		{4C5FD0C7-EA52-4B04-8E09-22094D5EFFD4}.Debug|x86.Build.0 = Debug|Any CPU
		{4C5FD0C7-EA52-4B04-8E09-22094D5EFFD4}.Release|Any CPU.ActiveCfg = Release|Any CPU
		{4C5FD0C7-EA52-4B04-8E09-22094D5EFFD4}.Release|Any CPU.Build.0 = Release|Any CPU
		{4C5FD0C7-EA52-4B04-8E09-22094D5EFFD4}.Release|x64.ActiveCfg = Release|Any CPU
		{4C5FD0C7-EA52-4B04-8E09-22094D5EFFD4}.Release|x64.Build.0 = Release|Any CPU
		{4C5FD0C7-EA52-4B04-8E09-22094D5EFFD4}.Release|x86.ActiveCfg = Release|Any CPU
		{4C5FD0C7-EA52-4B04-8E09-22094D5EFFD4}.Release|x86.Build.0 = Release|Any CPU
		{37ED7922-67BB-4504-ABEA-7609B3E21277}.Debug|Any CPU.ActiveCfg = Debug|Any CPU
		{37ED7922-67BB-4504-ABEA-7609B3E21277}.Debug|Any CPU.Build.0 = Debug|Any CPU
		{37ED7922-67BB-4504-ABEA-7609B3E21277}.Debug|x64.ActiveCfg = Debug|Any CPU
		{37ED7922-67BB-4504-ABEA-7609B3E21277}.Debug|x64.Build.0 = Debug|Any CPU
		{37ED7922-67BB-4504-ABEA-7609B3E21277}.Debug|x86.ActiveCfg = Debug|Any CPU
		{37ED7922-67BB-4504-ABEA-7609B3E21277}.Debug|x86.Build.0 = Debug|Any CPU
		{37ED7922-67BB-4504-ABEA-7609B3E21277}.Release|Any CPU.ActiveCfg = Release|Any CPU
		{37ED7922-67BB-4504-ABEA-7609B3E21277}.Release|Any CPU.Build.0 = Release|Any CPU
		{37ED7922-67BB-4504-ABEA-7609B3E21277}.Release|x64.ActiveCfg = Release|Any CPU
		{37ED7922-67BB-4504-ABEA-7609B3E21277}.Release|x64.Build.0 = Release|Any CPU
		{37ED7922-67BB-4504-ABEA-7609B3E21277}.Release|x86.ActiveCfg = Release|Any CPU
		{37ED7922-67BB-4504-ABEA-7609B3E21277}.Release|x86.Build.0 = Release|Any CPU
	EndGlobalSection
	GlobalSection(SolutionProperties) = preSolution
		HideSolutionNode = FALSE
	EndGlobalSection
	GlobalSection(ExtensibilityGlobals) = postSolution
		SolutionGuid = {408F5D75-61B8-48E2-B421-E4DC149A06D8}
	EndGlobalSection
EndGlobal
